
Microsoft Visual Studio Solution File, Format Version 12.00
# Visual Studio Version 17
VisualStudioVersion = 17.0.31903.59
MinimumVisualStudioVersion = 10.0.40219.1
Project("{2150E333-8FDC-42A3-9474-1A3956D46DE8}") = "src", "src", "{89FEB389-DB6D-4C46-A5E9-09AF979BAC6A}"
EndProject
Project("{2150E333-8FDC-42A3-9474-1A3956D46DE8}") = "Api", "Api", "{687A2013-6B59-4992-8449-919AAFC5EBFC}"
EndProject
Project("{FAE04EC0-301F-11D3-BF4B-00C04F79EFBC}") = "RestfulApi", "src\Api\RestfulApi\RestfulApi.csproj", "{06C7E5FD-EB83-4C13-89AA-C8E89E81B119}"
EndProject
Project("{2150E333-8FDC-42A3-9474-1A3956D46DE8}") = "Application", "Application", "{2C8313C9-F4F7-473E-A0D5-442D10965E43}"
EndProject
Project("{FAE04EC0-301F-11D3-BF4B-00C04F79EFBC}") = "Application", "src\Application\Application\Application.csproj", "{FA66017D-4EA8-445A-B829-9BF28AA65E57}"
EndProject
Project("{2150E333-8FDC-42A3-9474-1A3956D46DE8}") = "Domain", "Domain", "{09F6F442-127F-42C0-806B-F9ABF83FB9E8}"
EndProject
Project("{FAE04EC0-301F-11D3-BF4B-00C04F79EFBC}") = "Domain", "src\Domain\Domain\Domain.csproj", "{F9DD5F5D-5098-43C1-B618-588D641F93F0}"
EndProject
Project("{FAE04EC0-301F-11D3-BF4B-00C04F79EFBC}") = "DomainShared", "src\Domain\DomainShared\DomainShared.csproj", "{70D07E55-FE63-46F3-A2FC-E0086B629923}"
EndProject
Project("{2150E333-8FDC-42A3-9474-1A3956D46DE8}") = "Infrastructure", "Infrastructure", "{497EFFE1-68D3-46E3-AB78-6D0AE7263564}"
EndProject
Project("{FAE04EC0-301F-11D3-BF4B-00C04F79EFBC}") = "Infrastructure", "src\Infrastructure\Infrastructure\Infrastructure.csproj", "{870A1C62-D0F3-458E-AD66-0EC39FBF249A}"
EndProject
Project("{FAE04EC0-301F-11D3-BF4B-00C04F79EFBC}") = "EntityFrameworkCore", "src\Infrastructure\EntityFrameworkCore\EntityFrameworkCore.csproj", "{3612F78D-7DAB-4565-BEBC-26CDEFCFCF05}"
EndProject
Project("{FAE04EC0-301F-11D3-BF4B-00C04F79EFBC}") = "Common", "src\Infrastructure\Common\Common.csproj", "{B5C49B63-1819-4F57-A81F-A4DE9DCDCA7D}"
EndProject
Global
	GlobalSection(SolutionConfigurationPlatforms) = preSolution
		Debug|Any CPU = Debug|Any CPU
		Release|Any CPU = Release|Any CPU
	EndGlobalSection
	GlobalSection(SolutionProperties) = preSolution
		HideSolutionNode = FALSE
	EndGlobalSection
	GlobalSection(ProjectConfigurationPlatforms) = postSolution
		{06C7E5FD-EB83-4C13-89AA-C8E89E81B119}.Debug|Any CPU.ActiveCfg = Debug|Any CPU
		{06C7E5FD-EB83-4C13-89AA-C8E89E81B119}.Debug|Any CPU.Build.0 = Debug|Any CPU
		{06C7E5FD-EB83-4C13-89AA-C8E89E81B119}.Release|Any CPU.ActiveCfg = Release|Any CPU
		{06C7E5FD-EB83-4C13-89AA-C8E89E81B119}.Release|Any CPU.Build.0 = Release|Any CPU
		{FA66017D-4EA8-445A-B829-9BF28AA65E57}.Debug|Any CPU.ActiveCfg = Debug|Any CPU
		{FA66017D-4EA8-445A-B829-9BF28AA65E57}.Debug|Any CPU.Build.0 = Debug|Any CPU
		{FA66017D-4EA8-445A-B829-9BF28AA65E57}.Release|Any CPU.ActiveCfg = Release|Any CPU
		{FA66017D-4EA8-445A-B829-9BF28AA65E57}.Release|Any CPU.Build.0 = Release|Any CPU
		{F9DD5F5D-5098-43C1-B618-588D641F93F0}.Debug|Any CPU.ActiveCfg = Debug|Any CPU
		{F9DD5F5D-5098-43C1-B618-588D641F93F0}.Debug|Any CPU.Build.0 = Debug|Any CPU
		{F9DD5F5D-5098-43C1-B618-588D641F93F0}.Release|Any CPU.ActiveCfg = Release|Any CPU
		{F9DD5F5D-5098-43C1-B618-588D641F93F0}.Release|Any CPU.Build.0 = Release|Any CPU
		{70D07E55-FE63-46F3-A2FC-E0086B629923}.Debug|Any CPU.ActiveCfg = Debug|Any CPU
		{70D07E55-FE63-46F3-A2FC-E0086B629923}.Debug|Any CPU.Build.0 = Debug|Any CPU
		{70D07E55-FE63-46F3-A2FC-E0086B629923}.Release|Any CPU.ActiveCfg = Release|Any CPU
		{70D07E55-FE63-46F3-A2FC-E0086B629923}.Release|Any CPU.Build.0 = Release|Any CPU
		{870A1C62-D0F3-458E-AD66-0EC39FBF249A}.Debug|Any CPU.ActiveCfg = Debug|Any CPU
		{870A1C62-D0F3-458E-AD66-0EC39FBF249A}.Debug|Any CPU.Build.0 = Debug|Any CPU
		{870A1C62-D0F3-458E-AD66-0EC39FBF249A}.Release|Any CPU.ActiveCfg = Release|Any CPU
		{870A1C62-D0F3-458E-AD66-0EC39FBF249A}.Release|Any CPU.Build.0 = Release|Any CPU
		{3612F78D-7DAB-4565-BEBC-26CDEFCFCF05}.Debug|Any CPU.ActiveCfg = Debug|Any CPU
		{3612F78D-7DAB-4565-BEBC-26CDEFCFCF05}.Debug|Any CPU.Build.0 = Debug|Any CPU
		{3612F78D-7DAB-4565-BEBC-26CDEFCFCF05}.Release|Any CPU.ActiveCfg = Release|Any CPU
		{3612F78D-7DAB-4565-BEBC-26CDEFCFCF05}.Release|Any CPU.Build.0 = Release|Any CPU
		{504D3655-0AC9-4D35-AA6F-7D06533EF979}.Debug|Any CPU.ActiveCfg = Debug|Any CPU
		{504D3655-0AC9-4D35-AA6F-7D06533EF979}.Debug|Any CPU.Build.0 = Debug|Any CPU
		{504D3655-0AC9-4D35-AA6F-7D06533EF979}.Release|Any CPU.ActiveCfg = Release|Any CPU
		{504D3655-0AC9-4D35-AA6F-7D06533EF979}.Release|Any CPU.Build.0 = Release|Any CPU
		{B5C49B63-1819-4F57-A81F-A4DE9DCDCA7D}.Debug|Any CPU.ActiveCfg = Debug|Any CPU
		{B5C49B63-1819-4F57-A81F-A4DE9DCDCA7D}.Debug|Any CPU.Build.0 = Debug|Any CPU
		{B5C49B63-1819-4F57-A81F-A4DE9DCDCA7D}.Release|Any CPU.ActiveCfg = Release|Any CPU
		{B5C49B63-1819-4F57-A81F-A4DE9DCDCA7D}.Release|Any CPU.Build.0 = Release|Any CPU
	EndGlobalSection
	GlobalSection(NestedProjects) = preSolution
		{687A2013-6B59-4992-8449-919AAFC5EBFC} = {89FEB389-DB6D-4C46-A5E9-09AF979BAC6A}
		{06C7E5FD-EB83-4C13-89AA-C8E89E81B119} = {687A2013-6B59-4992-8449-919AAFC5EBFC}
		{2C8313C9-F4F7-473E-A0D5-442D10965E43} = {89FEB389-DB6D-4C46-A5E9-09AF979BAC6A}
		{FA66017D-4EA8-445A-B829-9BF28AA65E57} = {2C8313C9-F4F7-473E-A0D5-442D10965E43}
		{09F6F442-127F-42C0-806B-F9ABF83FB9E8} = {89FEB389-DB6D-4C46-A5E9-09AF979BAC6A}
		{F9DD5F5D-5098-43C1-B618-588D641F93F0} = {09F6F442-127F-42C0-806B-F9ABF83FB9E8}
		{70D07E55-FE63-46F3-A2FC-E0086B629923} = {09F6F442-127F-42C0-806B-F9ABF83FB9E8}
		{497EFFE1-68D3-46E3-AB78-6D0AE7263564} = {89FEB389-DB6D-4C46-A5E9-09AF979BAC6A}
		{870A1C62-D0F3-458E-AD66-0EC39FBF249A} = {497EFFE1-68D3-46E3-AB78-6D0AE7263564}
		{3612F78D-7DAB-4565-BEBC-26CDEFCFCF05} = {497EFFE1-68D3-46E3-AB78-6D0AE7263564}
		{504D3655-0AC9-4D35-AA6F-7D06533EF979} = {497EFFE1-68D3-46E3-AB78-6D0AE7263564}
		{B5C49B63-1819-4F57-A81F-A4DE9DCDCA7D} = {497EFFE1-68D3-46E3-AB78-6D0AE7263564}
	EndGlobalSection
EndGlobal
